
Microsoft Visual Studio Solution File, Format Version 10.00
# Visual Studio 2008
Project("{FAE04EC0-301F-11D3-BF4B-00C04F79EFBC}") = "Ballistics", "Ballistics\Ballistics.csproj", "{84B6B2EE-1AFC-48BB-A166-C2A46AC55280}"
EndProject
Global
	GlobalSection(SolutionConfigurationPlatforms) = preSolution
		Debug|Any CPU = Debug|Any CPU
		Release|Any CPU = Release|Any CPU
	EndGlobalSection
	GlobalSection(ProjectConfigurationPlatforms) = postSolution
		{84B6B2EE-1AFC-48BB-A166-C2A46AC55280}.Debug|Any CPU.ActiveCfg = Debug|Any CPU
		{84B6B2EE-1AFC-48BB-A166-C2A46AC55280}.Debug|Any CPU.Build.0 = Debug|Any CPU
		{84B6B2EE-1AFC-48BB-A166-C2A46AC55280}.Release|Any CPU.ActiveCfg = Release|Any CPU
		{84B6B2EE-1AFC-48BB-A166-C2A46AC55280}.Release|Any CPU.Build.0 = Release|Any CPU
	EndGlobalSection
	GlobalSection(SolutionProperties) = preSolution
		HideSolutionNode = FALSE
	EndGlobalSection
EndGlobal
